<?xml version="1.0" encoding="UTF-8" standalone="yes" ?>
<CodeBlocks_project_file>
	<FileVersion major="1" minor="6" />
	<Project>
		<Option title="renderer" />
		<Option pch_mode="2" />
		<Option compiler="gcc" />
		<Build>
			<Target title="Debug">
				<Option output="bin/Debug/renderer" prefix_auto="1" extension_auto="1" />
				<Option object_output="obj/Debug/" />
				<Option type="1" />
				<Option compiler="gcc" />
				<Option parameters="bin/Debug/inp.txt" />
				<Compiler>
					<Add option="-g" />
				</Compiler>
				<Linker>
					<Add option="-fopenmp" />
				</Linker>
			</Target>
			<Target title="Release">
				<Option output="bin/Release/renderer" prefix_auto="1" extension_auto="1" />
				<Option object_output="obj/Release/" />
				<Option type="1" />
				<Option compiler="gcc" />
				<Option parameters="bin/Debug/inp.txt" />
			</Target>
		</Build>
		<Linker>
			<Add option="-lmeshlib -fopenmp -lGL -lGLU -lGLEW -lSDL2 -lSDL2main -lpng" />
		</Linker>
		<Unit filename="include/main.h" />
		<Unit filename="include/rerror.h" />
		<Unit filename="include/rio.h" />
		<Unit filename="include/rmath.h" />
		<Unit filename="include/rrender.h" />
		<Unit filename="include/tinypng.h" />
		<Unit filename="resources/resource.rc">
			<Option compilerVar="WINDRES" />
		</Unit>
		<Unit filename="src/main.cpp" />
		<Unit filename="src/rerror.cpp" />
		<Unit filename="src/rio.cpp" />
		<Unit filename="src/rmath.cpp" />
		<Unit filename="src/rrender.cpp" />
		<Unit filename="src/tinypng.cpp" />
		<Extensions>
			<code_completion />
			<debugger />
		</Extensions>
	</Project>
</CodeBlocks_project_file>
